# This file is automatically @generated by Cargo.
# It is not intended for manual editing.
version = 3

[[package]]
name = "day18"
version = "0.1.0"
dependencies = [
 "indextree",
]

[[package]]
name = "indextree"
version = "4.3.1"
source = "registry+https://github.com/rust-lang/crates.io-index"
checksum = "990980c3d268c9b99df35e813eca2b8d1ee08606f6d2bb325edbd0b0c68f9ffe"
